// !$*UTF8*$!
{
	archiveVersion = 1;
	classes = {
	};
	objectVersion = 56;
	objects = {

/* Begin PBXBuildFile section */
		3B7595E22B296F5800B548CF /* AddWeatherViewModel.swift in Sources */ = {isa = PBXBuildFile; fileRef = 3B7595E12B296F5800B548CF /* AddWeatherViewModel.swift */; };
		3B7595E42B29749B00B548CF /* WeatherViewModel.swift in Sources */ = {isa = PBXBuildFile; fileRef = 3B7595E32B29749B00B548CF /* WeatherViewModel.swift */; };
		3B7595E62B297D3400B548CF /* Store.swift in Sources */ = {isa = PBXBuildFile; fileRef = 3B7595E52B297D3400B548CF /* Store.swift */; };
		3B89B3F12B2840DC00E65A4A /* WeatherAppApp.swift in Sources */ = {isa = PBXBuildFile; fileRef = 3B89B3F02B2840DC00E65A4A /* WeatherAppApp.swift */; };
		3B89B3F32B2840DC00E65A4A /* ContentView.swift in Sources */ = {isa = PBXBuildFile; fileRef = 3B89B3F22B2840DC00E65A4A /* ContentView.swift */; };
		3B89B3F52B2840DD00E65A4A /* Assets.xcassets in Resources */ = {isa = PBXBuildFile; fileRef = 3B89B3F42B2840DD00E65A4A /* Assets.xcassets */; };
		3B89B3F82B2840DD00E65A4A /* Preview Assets.xcassets in Resources */ = {isa = PBXBuildFile; fileRef = 3B89B3F72B2840DD00E65A4A /* Preview Assets.xcassets */; };
		3B89B4082B284F5000E65A4A /* String+Extensions.swift in Sources */ = {isa = PBXBuildFile; fileRef = 3B89B4072B284F5000E65A4A /* String+Extensions.swift */; };
		3B89B40A2B284F8300E65A4A /* Date+Extensions.swift in Sources */ = {isa = PBXBuildFile; fileRef = 3B89B4092B284F8300E65A4A /* Date+Extensions.swift */; };
		3B89B40C2B284FB000E65A4A /* UserDefaults+Extensions.swift in Sources */ = {isa = PBXBuildFile; fileRef = 3B89B40B2B284FB000E65A4A /* UserDefaults+Extensions.swift */; };
		3B89B40E2B284FC500E65A4A /* View+Extensions.swift in Sources */ = {isa = PBXBuildFile; fileRef = 3B89B40D2B284FC500E65A4A /* View+Extensions.swift */; };
		3B89B4172B28504500E65A4A /* ImageLoader.swift in Sources */ = {isa = PBXBuildFile; fileRef = 3B89B4162B28504500E65A4A /* ImageLoader.swift */; };
		3B89B4192B28506300E65A4A /* Weather.swift in Sources */ = {isa = PBXBuildFile; fileRef = 3B89B4182B28506300E65A4A /* Weather.swift */; };
		3B89B4282B28508500E65A4A /* Constants.swift in Sources */ = {isa = PBXBuildFile; fileRef = 3B89B41F2B28508500E65A4A /* Constants.swift */; };
		3B89B4292B28508500E65A4A /* URLImage.swift in Sources */ = {isa = PBXBuildFile; fileRef = 3B89B4212B28508500E65A4A /* URLImage.swift */; };
		3B89B42A2B28508500E65A4A /* Webservice.swift in Sources */ = {isa = PBXBuildFile; fileRef = 3B89B4242B28508500E65A4A /* Webservice.swift */; };
		3B89B42C2B2851F900E65A4A /* WeatherListScreen.swift in Sources */ = {isa = PBXBuildFile; fileRef = 3B89B42B2B2851F900E65A4A /* WeatherListScreen.swift */; };
		3B89B42E2B28523200E65A4A /* SettingsScreen.swift in Sources */ = {isa = PBXBuildFile; fileRef = 3B89B42D2B28523200E65A4A /* SettingsScreen.swift */; };
		3B89B4302B28525900E65A4A /* AddCityScreen.swift in Sources */ = {isa = PBXBuildFile; fileRef = 3B89B42F2B28525900E65A4A /* AddCityScreen.swift */; };
/* End PBXBuildFile section */

/* Begin PBXFileReference section */
		3B7595E12B296F5800B548CF /* AddWeatherViewModel.swift */ = {isa = PBXFileReference; lastKnownFileType = sourcecode.swift; path = AddWeatherViewModel.swift; sourceTree = "<group>"; };
		3B7595E32B29749B00B548CF /* WeatherViewModel.swift */ = {isa = PBXFileReference; lastKnownFileType = sourcecode.swift; path = WeatherViewModel.swift; sourceTree = "<group>"; };
		3B7595E52B297D3400B548CF /* Store.swift */ = {isa = PBXFileReference; lastKnownFileType = sourcecode.swift; path = Store.swift; sourceTree = "<group>"; };
		3B89B3ED2B2840DC00E65A4A /* WeatherApp.app */ = {isa = PBXFileReference; explicitFileType = wrapper.application; includeInIndex = 0; path = WeatherApp.app; sourceTree = BUILT_PRODUCTS_DIR; };
		3B89B3F02B2840DC00E65A4A /* WeatherAppApp.swift */ = {isa = PBXFileReference; lastKnownFileType = sourcecode.swift; path = WeatherAppApp.swift; sourceTree = "<group>"; };
		3B89B3F22B2840DC00E65A4A /* ContentView.swift */ = {isa = PBXFileReference; lastKnownFileType = sourcecode.swift; path = ContentView.swift; sourceTree = "<group>"; };
		3B89B3F42B2840DD00E65A4A /* Assets.xcassets */ = {isa = PBXFileReference; lastKnownFileType = folder.assetcatalog; path = Assets.xcassets; sourceTree = "<group>"; };
		3B89B3F72B2840DD00E65A4A /* Preview Assets.xcassets */ = {isa = PBXFileReference; lastKnownFileType = folder.assetcatalog; path = "Preview Assets.xcassets"; sourceTree = "<group>"; };
		3B89B4072B284F5000E65A4A /* String+Extensions.swift */ = {isa = PBXFileReference; lastKnownFileType = sourcecode.swift; path = "String+Extensions.swift"; sourceTree = "<group>"; };
		3B89B4092B284F8300E65A4A /* Date+Extensions.swift */ = {isa = PBXFileReference; lastKnownFileType = sourcecode.swift; path = "Date+Extensions.swift"; sourceTree = "<group>"; };
		3B89B40B2B284FB000E65A4A /* UserDefaults+Extensions.swift */ = {isa = PBXFileReference; lastKnownFileType = sourcecode.swift; path = "UserDefaults+Extensions.swift"; sourceTree = "<group>"; };
		3B89B40D2B284FC500E65A4A /* View+Extensions.swift */ = {isa = PBXFileReference; lastKnownFileType = sourcecode.swift; path = "View+Extensions.swift"; sourceTree = "<group>"; };
		3B89B4162B28504500E65A4A /* ImageLoader.swift */ = {isa = PBXFileReference; lastKnownFileType = sourcecode.swift; path = ImageLoader.swift; sourceTree = "<group>"; };
		3B89B4182B28506300E65A4A /* Weather.swift */ = {isa = PBXFileReference; lastKnownFileType = sourcecode.swift; path = Weather.swift; sourceTree = "<group>"; };
		3B89B41F2B28508500E65A4A /* Constants.swift */ = {isa = PBXFileReference; fileEncoding = 4; lastKnownFileType = sourcecode.swift; path = Constants.swift; sourceTree = "<group>"; };
		3B89B4212B28508500E65A4A /* URLImage.swift */ = {isa = PBXFileReference; fileEncoding = 4; lastKnownFileType = sourcecode.swift; path = URLImage.swift; sourceTree = "<group>"; };
		3B89B4242B28508500E65A4A /* Webservice.swift */ = {isa = PBXFileReference; fileEncoding = 4; lastKnownFileType = sourcecode.swift; path = Webservice.swift; sourceTree = "<group>"; };
		3B89B42B2B2851F900E65A4A /* WeatherListScreen.swift */ = {isa = PBXFileReference; lastKnownFileType = sourcecode.swift; path = WeatherListScreen.swift; sourceTree = "<group>"; };
		3B89B42D2B28523200E65A4A /* SettingsScreen.swift */ = {isa = PBXFileReference; lastKnownFileType = sourcecode.swift; path = SettingsScreen.swift; sourceTree = "<group>"; };
		3B89B42F2B28525900E65A4A /* AddCityScreen.swift */ = {isa = PBXFileReference; lastKnownFileType = sourcecode.swift; path = AddCityScreen.swift; sourceTree = "<group>"; };
/* End PBXFileReference section */

/* Begin PBXFrameworksBuildPhase section */
		3B89B3EA2B2840DC00E65A4A /* Frameworks */ = {
			isa = PBXFrameworksBuildPhase;
			buildActionMask = 2147483647;
			files = (
			);
			runOnlyForDeploymentPostprocessing = 0;
		};
/* End PBXFrameworksBuildPhase section */

/* Begin PBXGroup section */
		3B89B3E42B2840DC00E65A4A = {
			isa = PBXGroup;
			children = (
				3B89B3EF2B2840DC00E65A4A /* WeatherApp */,
				3B89B3EE2B2840DC00E65A4A /* Products */,
			);
			sourceTree = "<group>";
		};
		3B89B3EE2B2840DC00E65A4A /* Products */ = {
			isa = PBXGroup;
			children = (
				3B89B3ED2B2840DC00E65A4A /* WeatherApp.app */,
			);
			name = Products;
			sourceTree = "<group>";
		};
		3B89B3EF2B2840DC00E65A4A /* WeatherApp */ = {
			isa = PBXGroup;
			children = (
				3B89B3F02B2840DC00E65A4A /* WeatherAppApp.swift */,
				3B89B3F22B2840DC00E65A4A /* ContentView.swift */,
				3B89B3F42B2840DD00E65A4A /* Assets.xcassets */,
				3B89B4232B28508500E65A4A /* Services */,
				3B89B3FE2B284F2900E65A4A /* Extensions */,
				3B89B40F2B284FFD00E65A4A /* Global State */,
				3B89B4102B28503800E65A4A /* Loaders */,
				3B89B4122B28503800E65A4A /* Models */,
				3B89B4222B28508500E65A4A /* View Models */,
				3B89B41A2B28508500E65A4A /* Screens */,
				3B89B4202B28508500E65A4A /* Views */,
				3B89B3F62B2840DD00E65A4A /* Preview Content */,
				3B89B41E2B28508500E65A4A /* Utils */,
			);
			path = WeatherApp;
			sourceTree = "<group>";
		};
		3B89B3F62B2840DD00E65A4A /* Preview Content */ = {
			isa = PBXGroup;
			children = (
				3B89B3F72B2840DD00E65A4A /* Preview Assets.xcassets */,
			);
			path = "Preview Content";
			sourceTree = "<group>";
		};
		3B89B3FE2B284F2900E65A4A /* Extensions */ = {
			isa = PBXGroup;
			children = (
				3B89B4072B284F5000E65A4A /* String+Extensions.swift */,
				3B89B4092B284F8300E65A4A /* Date+Extensions.swift */,
				3B89B40B2B284FB000E65A4A /* UserDefaults+Extensions.swift */,
				3B89B40D2B284FC500E65A4A /* View+Extensions.swift */,
			);
			path = Extensions;
			sourceTree = "<group>";
		};
		3B89B40F2B284FFD00E65A4A /* Global State */ = {
			isa = PBXGroup;
			children = (
				3B7595E52B297D3400B548CF /* Store.swift */,
			);
			path = "Global State";
			sourceTree = "<group>";
		};
		3B89B4102B28503800E65A4A /* Loaders */ = {
			isa = PBXGroup;
			children = (
				3B89B4162B28504500E65A4A /* ImageLoader.swift */,
			);
			path = Loaders;
			sourceTree = "<group>";
		};
		3B89B4122B28503800E65A4A /* Models */ = {
			isa = PBXGroup;
			children = (
				3B89B4182B28506300E65A4A /* Weather.swift */,
			);
			path = Models;
			sourceTree = "<group>";
		};
		3B89B41A2B28508500E65A4A /* Screens */ = {
			isa = PBXGroup;
			children = (
				3B89B42B2B2851F900E65A4A /* WeatherListScreen.swift */,
				3B89B42D2B28523200E65A4A /* SettingsScreen.swift */,
				3B89B42F2B28525900E65A4A /* AddCityScreen.swift */,
			);
			path = Screens;
			sourceTree = "<group>";
		};
		3B89B41E2B28508500E65A4A /* Utils */ = {
			isa = PBXGroup;
			children = (
				3B89B41F2B28508500E65A4A /* Constants.swift */,
			);
			path = Utils;
			sourceTree = "<group>";
		};
		3B89B4202B28508500E65A4A /* Views */ = {
			isa = PBXGroup;
			children = (
				3B89B4212B28508500E65A4A /* URLImage.swift */,
			);
			path = Views;
			sourceTree = "<group>";
		};
		3B89B4222B28508500E65A4A /* View Models */ = {
			isa = PBXGroup;
			children = (
				3B7595E12B296F5800B548CF /* AddWeatherViewModel.swift */,
				3B7595E32B29749B00B548CF /* WeatherViewModel.swift */,
			);
			path = "View Models";
			sourceTree = "<group>";
		};
		3B89B4232B28508500E65A4A /* Services */ = {
			isa = PBXGroup;
			children = (
				3B89B4242B28508500E65A4A /* Webservice.swift */,
			);
			path = Services;
			sourceTree = "<group>";
		};
/* End PBXGroup section */

/* Begin PBXNativeTarget section */
		3B89B3EC2B2840DC00E65A4A /* WeatherApp */ = {
			isa = PBXNativeTarget;
			buildConfigurationList = 3B89B3FB2B2840DD00E65A4A /* Build configuration list for PBXNativeTarget "WeatherApp" */;
			buildPhases = (
				3B89B3E92B2840DC00E65A4A /* Sources */,
				3B89B3EA2B2840DC00E65A4A /* Frameworks */,
				3B89B3EB2B2840DC00E65A4A /* Resources */,
			);
			buildRules = (
			);
			dependencies = (
			);
			name = WeatherApp;
			productName = WeatherApp;
			productReference = 3B89B3ED2B2840DC00E65A4A /* WeatherApp.app */;
			productType = "com.apple.product-type.application";
		};
/* End PBXNativeTarget section */

/* Begin PBXProject section */
		3B89B3E52B2840DC00E65A4A /* Project object */ = {
			isa = PBXProject;
			attributes = {
				BuildIndependentTargetsInParallel = 1;
				LastSwiftUpdateCheck = 1430;
				LastUpgradeCheck = 1430;
				TargetAttributes = {
					3B89B3EC2B2840DC00E65A4A = {
						CreatedOnToolsVersion = 14.3;
					};
				};
			};
			buildConfigurationList = 3B89B3E82B2840DC00E65A4A /* Build configuration list for PBXProject "WeatherApp" */;
			compatibilityVersion = "Xcode 14.0";
			developmentRegion = en;
			hasScannedForEncodings = 0;
			knownRegions = (
				en,
				Base,
			);
			mainGroup = 3B89B3E42B2840DC00E65A4A;
			productRefGroup = 3B89B3EE2B2840DC00E65A4A /* Products */;
			projectDirPath = "";
			projectRoot = "";
			targets = (
				3B89B3EC2B2840DC00E65A4A /* WeatherApp */,
			);
		};
/* End PBXProject section */

/* Begin PBXResourcesBuildPhase section */
		3B89B3EB2B2840DC00E65A4A /* Resources */ = {
			isa = PBXResourcesBuildPhase;
			buildActionMask = 2147483647;
			files = (
				3B89B3F82B2840DD00E65A4A /* Preview Assets.xcassets in Resources */,
				3B89B3F52B2840DD00E65A4A /* Assets.xcassets in Resources */,
			);
			runOnlyForDeploymentPostprocessing = 0;
		};
/* End PBXResourcesBuildPhase section */

/* Begin PBXSourcesBuildPhase section */
		3B89B3E92B2840DC00E65A4A /* Sources */ = {
			isa = PBXSourcesBuildPhase;
			buildActionMask = 2147483647;
			files = (
				3B89B4302B28525900E65A4A /* AddCityScreen.swift in Sources */,
				3B89B3F32B2840DC00E65A4A /* ContentView.swift in Sources */,
				3B89B42C2B2851F900E65A4A /* WeatherListScreen.swift in Sources */,
				3B89B4082B284F5000E65A4A /* String+Extensions.swift in Sources */,
				3B7595E22B296F5800B548CF /* AddWeatherViewModel.swift in Sources */,
				3B89B40A2B284F8300E65A4A /* Date+Extensions.swift in Sources */,
				3B89B4292B28508500E65A4A /* URLImage.swift in Sources */,
				3B89B4192B28506300E65A4A /* Weather.swift in Sources */,
				3B89B42A2B28508500E65A4A /* Webservice.swift in Sources */,
				3B89B4172B28504500E65A4A /* ImageLoader.swift in Sources */,
				3B7595E62B297D3400B548CF /* Store.swift in Sources */,
				3B89B40E2B284FC500E65A4A /* View+Extensions.swift in Sources */,
				3B89B40C2B284FB000E65A4A /* UserDefaults+Extensions.swift in Sources */,
				3B89B3F12B2840DC00E65A4A /* WeatherAppApp.swift in Sources */,
				3B7595E42B29749B00B548CF /* WeatherViewModel.swift in Sources */,
				3B89B42E2B28523200E65A4A /* SettingsScreen.swift in Sources */,
				3B89B4282B28508500E65A4A /* Constants.swift in Sources */,
			);
			runOnlyForDeploymentPostprocessing = 0;
		};
/* End PBXSourcesBuildPhase section */

/* Begin XCBuildConfiguration section */
		3B89B3F92B2840DD00E65A4A /* Debug */ = {
			isa = XCBuildConfiguration;
			buildSettings = {
				ALWAYS_SEARCH_USER_PATHS = NO;
				CLANG_ANALYZER_NONNULL = YES;
				CLANG_ANALYZER_NUMBER_OBJECT_CONVERSION = YES_AGGRESSIVE;
				CLANG_CXX_LANGUAGE_STANDARD = "gnu++20";
				CLANG_ENABLE_MODULES = YES;
				CLANG_ENABLE_OBJC_ARC = YES;
				CLANG_ENABLE_OBJC_WEAK = YES;
				CLANG_WARN_BLOCK_CAPTURE_AUTORELEASING = YES;
				CLANG_WARN_BOOL_CONVERSION = YES;
				CLANG_WARN_COMMA = YES;
				CLANG_WARN_CONSTANT_CONVERSION = YES;
				CLANG_WARN_DEPRECATED_OBJC_IMPLEMENTATIONS = YES;
				CLANG_WARN_DIRECT_OBJC_ISA_USAGE = YES_ERROR;
				CLANG_WARN_DOCUMENTATION_COMMENTS = YES;
				CLANG_WARN_EMPTY_BODY = YES;
				CLANG_WARN_ENUM_CONVERSION = YES;
				CLANG_WARN_INFINITE_RECURSION = YES;
				CLANG_WARN_INT_CONVERSION = YES;
				CLANG_WARN_NON_LITERAL_NULL_CONVERSION = YES;
				CLANG_WARN_OBJC_IMPLICIT_RETAIN_SELF = YES;
				CLANG_WARN_OBJC_LITERAL_CONVERSION = YES;
				CLANG_WARN_OBJC_ROOT_CLASS = YES_ERROR;
				CLANG_WARN_QUOTED_INCLUDE_IN_FRAMEWORK_HEADER = YES;
				CLANG_WARN_RANGE_LOOP_ANALYSIS = YES;
				CLANG_WARN_STRICT_PROTOTYPES = YES;
				CLANG_WARN_SUSPICIOUS_MOVE = YES;
				CLANG_WARN_UNGUARDED_AVAILABILITY = YES_AGGRESSIVE;
				CLANG_WARN_UNREACHABLE_CODE = YES;
				CLANG_WARN__DUPLICATE_METHOD_MATCH = YES;
				COPY_PHASE_STRIP = NO;
				DEBUG_INFORMATION_FORMAT = dwarf;
				ENABLE_STRICT_OBJC_MSGSEND = YES;
				ENABLE_TESTABILITY = YES;
				GCC_C_LANGUAGE_STANDARD = gnu11;
				GCC_DYNAMIC_NO_PIC = NO;
				GCC_NO_COMMON_BLOCKS = YES;
				GCC_OPTIMIZATION_LEVEL = 0;
				GCC_PREPROCESSOR_DEFINITIONS = (
					"DEBUG=1",
					"$(inherited)",
				);
				GCC_WARN_64_TO_32_BIT_CONVERSION = YES;
				GCC_WARN_ABOUT_RETURN_TYPE = YES_ERROR;
				GCC_WARN_UNDECLARED_SELECTOR = YES;
				GCC_WARN_UNINITIALIZED_AUTOS = YES_AGGRESSIVE;
				GCC_WARN_UNUSED_FUNCTION = YES;
				GCC_WARN_UNUSED_VARIABLE = YES;
				IPHONEOS_DEPLOYMENT_TARGET = 16.4;
				MTL_ENABLE_DEBUG_INFO = INCLUDE_SOURCE;
				MTL_FAST_MATH = YES;
				ONLY_ACTIVE_ARCH = YES;
				SDKROOT = iphoneos;
				SWIFT_ACTIVE_COMPILATION_CONDITIONS = DEBUG;
				SWIFT_OPTIMIZATION_LEVEL = "-Onone";
			};
			name = Debug;
		};
		3B89B3FA2B2840DD00E65A4A /* Release */ = {
			isa = XCBuildConfiguration;
			buildSettings = {
				ALWAYS_SEARCH_USER_PATHS = NO;
				CLANG_ANALYZER_NONNULL = YES;
				CLANG_ANALYZER_NUMBER_OBJECT_CONVERSION = YES_AGGRESSIVE;
				CLANG_CXX_LANGUAGE_STANDARD = "gnu++20";
				CLANG_ENABLE_MODULES = YES;
				CLANG_ENABLE_OBJC_ARC = YES;
				CLANG_ENABLE_OBJC_WEAK = YES;
				CLANG_WARN_BLOCK_CAPTURE_AUTORELEASING = YES;
				CLANG_WARN_BOOL_CONVERSION = YES;
				CLANG_WARN_COMMA = YES;
				CLANG_WARN_CONSTANT_CONVERSION = YES;
				CLANG_WARN_DEPRECATED_OBJC_IMPLEMENTATIONS = YES;
				CLANG_WARN_DIRECT_OBJC_ISA_USAGE = YES_ERROR;
				CLANG_WARN_DOCUMENTATION_COMMENTS = YES;
				CLANG_WARN_EMPTY_BODY = YES;
				CLANG_WARN_ENUM_CONVERSION = YES;
				CLANG_WARN_INFINITE_RECURSION = YES;
				CLANG_WARN_INT_CONVERSION = YES;
				CLANG_WARN_NON_LITERAL_NULL_CONVERSION = YES;
				CLANG_WARN_OBJC_IMPLICIT_RETAIN_SELF = YES;
				CLANG_WARN_OBJC_LITERAL_CONVERSION = YES;
				CLANG_WARN_OBJC_ROOT_CLASS = YES_ERROR;
				CLANG_WARN_QUOTED_INCLUDE_IN_FRAMEWORK_HEADER = YES;
				CLANG_WARN_RANGE_LOOP_ANALYSIS = YES;
				CLANG_WARN_STRICT_PROTOTYPES = YES;
				CLANG_WARN_SUSPICIOUS_MOVE = YES;
				CLANG_WARN_UNGUARDED_AVAILABILITY = YES_AGGRESSIVE;
				CLANG_WARN_UNREACHABLE_CODE = YES;
				CLANG_WARN__DUPLICATE_METHOD_MATCH = YES;
				COPY_PHASE_STRIP = NO;
				DEBUG_INFORMATION_FORMAT = "dwarf-with-dsym";
				ENABLE_NS_ASSERTIONS = NO;
				ENABLE_STRICT_OBJC_MSGSEND = YES;
				GCC_C_LANGUAGE_STANDARD = gnu11;
				GCC_NO_COMMON_BLOCKS = YES;
				GCC_WARN_64_TO_32_BIT_CONVERSION = YES;
				GCC_WARN_ABOUT_RETURN_TYPE = YES_ERROR;
				GCC_WARN_UNDECLARED_SELECTOR = YES;
				GCC_WARN_UNINITIALIZED_AUTOS = YES_AGGRESSIVE;
				GCC_WARN_UNUSED_FUNCTION = YES;
				GCC_WARN_UNUSED_VARIABLE = YES;
				IPHONEOS_DEPLOYMENT_TARGET = 16.4;
				MTL_ENABLE_DEBUG_INFO = NO;
				MTL_FAST_MATH = YES;
				SDKROOT = iphoneos;
				SWIFT_COMPILATION_MODE = wholemodule;
				SWIFT_OPTIMIZATION_LEVEL = "-O";
				VALIDATE_PRODUCT = YES;
			};
			name = Release;
		};
		3B89B3FC2B2840DD00E65A4A /* Debug */ = {
			isa = XCBuildConfiguration;
			buildSettings = {
				ASSETCATALOG_COMPILER_APPICON_NAME = AppIcon;
				ASSETCATALOG_COMPILER_GLOBAL_ACCENT_COLOR_NAME = AccentColor;
				CODE_SIGN_STYLE = Automatic;
				CURRENT_PROJECT_VERSION = 1;
				DEVELOPMENT_ASSET_PATHS = "\"WeatherApp/Preview Content\"";
				DEVELOPMENT_TEAM = 6CBTWMSXBM;
				ENABLE_PREVIEWS = YES;
				GENERATE_INFOPLIST_FILE = YES;
				INFOPLIST_KEY_UIApplicationSceneManifest_Generation = YES;
				INFOPLIST_KEY_UIApplicationSupportsIndirectInputEvents = YES;
				INFOPLIST_KEY_UILaunchScreen_Generation = YES;
				INFOPLIST_KEY_UISupportedInterfaceOrientations_iPad = "UIInterfaceOrientationPortrait UIInterfaceOrientationPortraitUpsideDown UIInterfaceOrientationLandscapeLeft UIInterfaceOrientationLandscapeRight";
				INFOPLIST_KEY_UISupportedInterfaceOrientations_iPhone = "UIInterfaceOrientationPortrait UIInterfaceOrientationLandscapeLeft UIInterfaceOrientationLandscapeRight";
				LD_RUNPATH_SEARCH_PATHS = (
					"$(inherited)",
					"@executable_path/Frameworks",
				);
				MARKETING_VERSION = 1.0;
				PRODUCT_BUNDLE_IDENTIFIER = amatnug.amatnug.WeatherApp;
				PRODUCT_NAME = "$(TARGET_NAME)";
				SWIFT_EMIT_LOC_STRINGS = YES;
				SWIFT_VERSION = 5.0;
				TARGETED_DEVICE_FAMILY = "1,2";
			};
			name = Debug;
		};
		3B89B3FD2B2840DD00E65A4A /* Release */ = {
			isa = XCBuildConfiguration;
			buildSettings = {
				ASSETCATALOG_COMPILER_APPICON_NAME = AppIcon;
				ASSETCATALOG_COMPILER_GLOBAL_ACCENT_COLOR_NAME = AccentColor;
				CODE_SIGN_STYLE = Automatic;
				CURRENT_PROJECT_VERSION = 1;
				DEVELOPMENT_ASSET_PATHS = "\"WeatherApp/Preview Content\"";
				DEVELOPMENT_TEAM = 6CBTWMSXBM;
				ENABLE_PREVIEWS = YES;
				GENERATE_INFOPLIST_FILE = YES;
				INFOPLIST_KEY_UIApplicationSceneManifest_Generation = YES;
				INFOPLIST_KEY_UIApplicationSupportsIndirectInputEvents = YES;
				INFOPLIST_KEY_UILaunchScreen_Generation = YES;
				INFOPLIST_KEY_UISupportedInterfaceOrientations_iPad = "UIInterfaceOrientationPortrait UIInterfaceOrientationPortraitUpsideDown UIInterfaceOrientationLandscapeLeft UIInterfaceOrientationLandscapeRight";
				INFOPLIST_KEY_UISupportedInterfaceOrientations_iPhone = "UIInterfaceOrientationPortrait UIInterfaceOrientationLandscapeLeft UIInterfaceOrientationLandscapeRight";
				LD_RUNPATH_SEARCH_PATHS = (
					"$(inherited)",
					"@executable_path/Frameworks",
				);
				MARKETING_VERSION = 1.0;
				PRODUCT_BUNDLE_IDENTIFIER = amatnug.amatnug.WeatherApp;
				PRODUCT_NAME = "$(TARGET_NAME)";
				SWIFT_EMIT_LOC_STRINGS = YES;
				SWIFT_VERSION = 5.0;
				TARGETED_DEVICE_FAMILY = "1,2";
			};
			name = Release;
		};
/* End XCBuildConfiguration section */

/* Begin XCConfigurationList section */
		3B89B3E82B2840DC00E65A4A /* Build configuration list for PBXProject "WeatherApp" */ = {
			isa = XCConfigurationList;
			buildConfigurations = (
				3B89B3F92B2840DD00E65A4A /* Debug */,
				3B89B3FA2B2840DD00E65A4A /* Release */,
			);
			defaultConfigurationIsVisible = 0;
			defaultConfigurationName = Release;
		};
		3B89B3FB2B2840DD00E65A4A /* Build configuration list for PBXNativeTarget "WeatherApp" */ = {
			isa = XCConfigurationList;
			buildConfigurations = (
				3B89B3FC2B2840DD00E65A4A /* Debug */,
				3B89B3FD2B2840DD00E65A4A /* Release */,
			);
			defaultConfigurationIsVisible = 0;
			defaultConfigurationName = Release;
		};
/* End XCConfigurationList section */
	};
	rootObject = 3B89B3E52B2840DC00E65A4A /* Project object */;
}
